{
  "name": "rebilly-js-sdk",
  "version": "0.0.1",
  "dependencies": {
    "axios": {
      "version": "0.16.2",
      "from": "axios@latest",
      "resolved": "https://registry.npmjs.org/axios/-/axios-0.16.2.tgz"
    },
    "debug": {
      "version": "2.6.8",
      "from": "debug@>=2.4.5 <3.0.0",
      "resolved": "https://registry.npmjs.org/debug/-/debug-2.6.8.tgz"
    },
    "follow-redirects": {
      "version": "1.2.4",
      "from": "follow-redirects@>=1.2.3 <2.0.0",
      "resolved": "https://registry.npmjs.org/follow-redirects/-/follow-redirects-1.2.4.tgz"
    },
    "is-buffer": {
      "version": "1.1.5",
      "from": "is-buffer@>=1.1.5 <2.0.0",
      "resolved": "https://registry.npmjs.org/is-buffer/-/is-buffer-1.1.5.tgz"
    },
    "ms": {
      "version": "2.0.0",
      "from": "ms@2.0.0",
      "resolved": "https://registry.npmjs.org/ms/-/ms-2.0.0.tgz"
    }
  }
}
